
Microsoft Visual Studio Solution File, Format Version 12.00
# Visual Studio Version 16
VisualStudioVersion = 16.0.29424.173
MinimumVisualStudioVersion = 10.0.40219.1
Project("{9A19103F-16F7-4668-BE54-9A1E7A4F7556}") = "KofCWebSite.UI", "KofCWebSite.UI\KofCWebSite.UI.csproj", "{AD9208D5-4866-4932-92F1-2DFB8297C818}"
EndProject
Project("{9A19103F-16F7-4668-BE54-9A1E7A4F7556}") = "KofCWebSite.Data", "KofCWebsite.Data\KofCWebSite.Data.csproj", "{8AD34C56-B916-4D64-B615-2D4DBE14315D}"
EndProject
Project("{9A19103F-16F7-4668-BE54-9A1E7A4F7556}") = "KofCWebSite.Core", "KofCWebSite.Core\KofCWebSite.Core.csproj", "{A27C7661-9CA0-4E55-80FF-CCDEF5F52DE2}"
EndProject
Project("{9A19103F-16F7-4668-BE54-9A1E7A4F7556}") = "KofCWebSite.ReCaptcha", "KofCWebSite.ReCaptcha\KofCWebSite.ReCaptcha.csproj", "{F193B335-1887-48BC-879F-B53FAF553262}"
EndProject
Project("{FAE04EC0-301F-11D3-BF4B-00C04F79EFBC}") = "AccountTemplate", "AccountTemplate\AccountTemplate.csproj", "{1165DC02-5643-4361-AA2D-B120F1ED7BE0}"
EndProject
Global
	GlobalSection(SolutionConfigurationPlatforms) = preSolution
		Debug|Any CPU = Debug|Any CPU
		Release|Any CPU = Release|Any CPU
	EndGlobalSection
	GlobalSection(ProjectConfigurationPlatforms) = postSolution
		{AD9208D5-4866-4932-92F1-2DFB8297C818}.Debug|Any CPU.ActiveCfg = Debug|Any CPU
		{AD9208D5-4866-4932-92F1-2DFB8297C818}.Debug|Any CPU.Build.0 = Debug|Any CPU
		{AD9208D5-4866-4932-92F1-2DFB8297C818}.Release|Any CPU.ActiveCfg = Release|Any CPU
		{AD9208D5-4866-4932-92F1-2DFB8297C818}.Release|Any CPU.Build.0 = Release|Any CPU
		{8AD34C56-B916-4D64-B615-2D4DBE14315D}.Debug|Any CPU.ActiveCfg = Debug|Any CPU
		{8AD34C56-B916-4D64-B615-2D4DBE14315D}.Debug|Any CPU.Build.0 = Debug|Any CPU
		{8AD34C56-B916-4D64-B615-2D4DBE14315D}.Release|Any CPU.ActiveCfg = Release|Any CPU
		{8AD34C56-B916-4D64-B615-2D4DBE14315D}.Release|Any CPU.Build.0 = Release|Any CPU
		{A27C7661-9CA0-4E55-80FF-CCDEF5F52DE2}.Debug|Any CPU.ActiveCfg = Debug|Any CPU
		{A27C7661-9CA0-4E55-80FF-CCDEF5F52DE2}.Debug|Any CPU.Build.0 = Debug|Any CPU
		{A27C7661-9CA0-4E55-80FF-CCDEF5F52DE2}.Release|Any CPU.ActiveCfg = Release|Any CPU
		{A27C7661-9CA0-4E55-80FF-CCDEF5F52DE2}.Release|Any CPU.Build.0 = Release|Any CPU
		{F193B335-1887-48BC-879F-B53FAF553262}.Debug|Any CPU.ActiveCfg = Debug|Any CPU
		{F193B335-1887-48BC-879F-B53FAF553262}.Debug|Any CPU.Build.0 = Debug|Any CPU
		{F193B335-1887-48BC-879F-B53FAF553262}.Release|Any CPU.ActiveCfg = Release|Any CPU
		{F193B335-1887-48BC-879F-B53FAF553262}.Release|Any CPU.Build.0 = Release|Any CPU
		{1165DC02-5643-4361-AA2D-B120F1ED7BE0}.Debug|Any CPU.ActiveCfg = Debug|Any CPU
		{1165DC02-5643-4361-AA2D-B120F1ED7BE0}.Debug|Any CPU.Build.0 = Debug|Any CPU
		{1165DC02-5643-4361-AA2D-B120F1ED7BE0}.Release|Any CPU.ActiveCfg = Release|Any CPU
		{1165DC02-5643-4361-AA2D-B120F1ED7BE0}.Release|Any CPU.Build.0 = Release|Any CPU
	EndGlobalSection
	GlobalSection(SolutionProperties) = preSolution
		HideSolutionNode = FALSE
	EndGlobalSection
	GlobalSection(ExtensibilityGlobals) = postSolution
		SolutionGuid = {AFE17799-45C7-45B0-8BC3-E052EF1622AB}
	EndGlobalSection
EndGlobal
